// !$*UTF8*$!
{
	archiveVersion = 1;
	classes = {
	};
	objectVersion = 56;
	objects = {

/* Begin PBXBuildFile section */
		039458952B8E4AB400788C15 /* PlantScannerApp.swift in Sources */ = {isa = PBXBuildFile; fileRef = 039458942B8E4AB400788C15 /* PlantScannerApp.swift */; };
		039458972B8E4AB400788C15 /* ContentView.swift in Sources */ = {isa = PBXBuildFile; fileRef = 039458962B8E4AB400788C15 /* ContentView.swift */; };
		039458992B8E4AB800788C15 /* Assets.xcassets in Resources */ = {isa = PBXBuildFile; fileRef = 039458982B8E4AB800788C15 /* Assets.xcassets */; };
		0394589C2B8E4AB800788C15 /* Preview Assets.xcassets in Resources */ = {isa = PBXBuildFile; fileRef = 0394589B2B8E4AB800788C15 /* Preview Assets.xcassets */; };
		0394589E2B8E4AB800788C15 /* Persistence.swift in Sources */ = {isa = PBXBuildFile; fileRef = 0394589D2B8E4AB800788C15 /* Persistence.swift */; };
		039458A12B8E4AB800788C15 /* PlantScanner.xcdatamodeld in Sources */ = {isa = PBXBuildFile; fileRef = 0394589F2B8E4AB800788C15 /* PlantScanner.xcdatamodeld */; };
		039458A92B8E4AE800788C15 /* CameraView.swift in Sources */ = {isa = PBXBuildFile; fileRef = 039458A82B8E4AE800788C15 /* CameraView.swift */; };
		039458AE2B8E5F2A00788C15 /* ScanPlantViewModel.swift in Sources */ = {isa = PBXBuildFile; fileRef = 039458AD2B8E5F2A00788C15 /* ScanPlantViewModel.swift */; };
		039458B22B8E83B100788C15 /* URLSessionManager.swift in Sources */ = {isa = PBXBuildFile; fileRef = 039458B12B8E83B100788C15 /* URLSessionManager.swift */; };
		039458B52B8E83EB00788C15 /* RemoteApi.swift in Sources */ = {isa = PBXBuildFile; fileRef = 039458B42B8E83EB00788C15 /* RemoteApi.swift */; };
		039458B72B8E847A00788C15 /* RemoteApiImp.swift in Sources */ = {isa = PBXBuildFile; fileRef = 039458B62B8E847A00788C15 /* RemoteApiImp.swift */; };
		039458BA2B8E84F800788C15 /* PlantRepository.swift in Sources */ = {isa = PBXBuildFile; fileRef = 039458B92B8E84F800788C15 /* PlantRepository.swift */; };
		039458BD2B8E858B00788C15 /* PlantRepositoryImp.swift in Sources */ = {isa = PBXBuildFile; fileRef = 039458BC2B8E858B00788C15 /* PlantRepositoryImp.swift */; };
		039458BF2B8E8A1C00788C15 /* HttpConstants.swift in Sources */ = {isa = PBXBuildFile; fileRef = 039458BE2B8E8A1C00788C15 /* HttpConstants.swift */; };
		039458C22B8E939100788C15 /* Router.swift in Sources */ = {isa = PBXBuildFile; fileRef = 039458C12B8E939100788C15 /* Router.swift */; };
		039458C42B8E949500788C15 /* RouterImp.swift in Sources */ = {isa = PBXBuildFile; fileRef = 039458C32B8E949500788C15 /* RouterImp.swift */; };
		039458C62B8F723D00788C15 /* UIImageExtension.swift in Sources */ = {isa = PBXBuildFile; fileRef = 039458C52B8F723D00788C15 /* UIImageExtension.swift */; };
/* End PBXBuildFile section */

/* Begin PBXFileReference section */
		039458912B8E4AB400788C15 /* PlantScanner.app */ = {isa = PBXFileReference; explicitFileType = wrapper.application; includeInIndex = 0; path = PlantScanner.app; sourceTree = BUILT_PRODUCTS_DIR; };
		039458942B8E4AB400788C15 /* PlantScannerApp.swift */ = {isa = PBXFileReference; lastKnownFileType = sourcecode.swift; path = PlantScannerApp.swift; sourceTree = "<group>"; };
		039458962B8E4AB400788C15 /* ContentView.swift */ = {isa = PBXFileReference; lastKnownFileType = sourcecode.swift; path = ContentView.swift; sourceTree = "<group>"; };
		039458982B8E4AB800788C15 /* Assets.xcassets */ = {isa = PBXFileReference; lastKnownFileType = folder.assetcatalog; path = Assets.xcassets; sourceTree = "<group>"; };
		0394589B2B8E4AB800788C15 /* Preview Assets.xcassets */ = {isa = PBXFileReference; lastKnownFileType = folder.assetcatalog; path = "Preview Assets.xcassets"; sourceTree = "<group>"; };
		0394589D2B8E4AB800788C15 /* Persistence.swift */ = {isa = PBXFileReference; lastKnownFileType = sourcecode.swift; path = Persistence.swift; sourceTree = "<group>"; };
		039458A02B8E4AB800788C15 /* PlantScanner.xcdatamodel */ = {isa = PBXFileReference; lastKnownFileType = wrapper.xcdatamodel; path = PlantScanner.xcdatamodel; sourceTree = "<group>"; };
		039458A22B8E4AB800788C15 /* Info.plist */ = {isa = PBXFileReference; lastKnownFileType = text.plist.xml; path = Info.plist; sourceTree = "<group>"; };
		039458A82B8E4AE800788C15 /* CameraView.swift */ = {isa = PBXFileReference; lastKnownFileType = sourcecode.swift; path = CameraView.swift; sourceTree = "<group>"; };
		039458AD2B8E5F2A00788C15 /* ScanPlantViewModel.swift */ = {isa = PBXFileReference; lastKnownFileType = sourcecode.swift; path = ScanPlantViewModel.swift; sourceTree = "<group>"; };
		039458B12B8E83B100788C15 /* URLSessionManager.swift */ = {isa = PBXFileReference; lastKnownFileType = sourcecode.swift; path = URLSessionManager.swift; sourceTree = "<group>"; };
		039458B42B8E83EB00788C15 /* RemoteApi.swift */ = {isa = PBXFileReference; lastKnownFileType = sourcecode.swift; path = RemoteApi.swift; sourceTree = "<group>"; };
		039458B62B8E847A00788C15 /* RemoteApiImp.swift */ = {isa = PBXFileReference; lastKnownFileType = sourcecode.swift; path = RemoteApiImp.swift; sourceTree = "<group>"; };
		039458B92B8E84F800788C15 /* PlantRepository.swift */ = {isa = PBXFileReference; lastKnownFileType = sourcecode.swift; path = PlantRepository.swift; sourceTree = "<group>"; };
		039458BC2B8E858B00788C15 /* PlantRepositoryImp.swift */ = {isa = PBXFileReference; lastKnownFileType = sourcecode.swift; path = PlantRepositoryImp.swift; sourceTree = "<group>"; };
		039458BE2B8E8A1C00788C15 /* HttpConstants.swift */ = {isa = PBXFileReference; lastKnownFileType = sourcecode.swift; path = HttpConstants.swift; sourceTree = "<group>"; };
		039458C12B8E939100788C15 /* Router.swift */ = {isa = PBXFileReference; lastKnownFileType = sourcecode.swift; path = Router.swift; sourceTree = "<group>"; };
		039458C32B8E949500788C15 /* RouterImp.swift */ = {isa = PBXFileReference; lastKnownFileType = sourcecode.swift; path = RouterImp.swift; sourceTree = "<group>"; };
		039458C52B8F723D00788C15 /* UIImageExtension.swift */ = {isa = PBXFileReference; lastKnownFileType = sourcecode.swift; path = UIImageExtension.swift; sourceTree = "<group>"; };
/* End PBXFileReference section */

/* Begin PBXFrameworksBuildPhase section */
		0394588E2B8E4AB400788C15 /* Frameworks */ = {
			isa = PBXFrameworksBuildPhase;
			buildActionMask = 2147483647;
			files = (
			);
			runOnlyForDeploymentPostprocessing = 0;
		};
/* End PBXFrameworksBuildPhase section */

/* Begin PBXGroup section */
		039458882B8E4AB400788C15 = {
			isa = PBXGroup;
			children = (
				039458932B8E4AB400788C15 /* PlantScanner */,
				039458922B8E4AB400788C15 /* Products */,
			);
			sourceTree = "<group>";
		};
		039458922B8E4AB400788C15 /* Products */ = {
			isa = PBXGroup;
			children = (
				039458912B8E4AB400788C15 /* PlantScanner.app */,
			);
			name = Products;
			sourceTree = "<group>";
		};
		039458932B8E4AB400788C15 /* PlantScanner */ = {
			isa = PBXGroup;
			children = (
				039458942B8E4AB400788C15 /* PlantScannerApp.swift */,
				039458962B8E4AB400788C15 /* ContentView.swift */,
				039458A82B8E4AE800788C15 /* CameraView.swift */,
				039458AD2B8E5F2A00788C15 /* ScanPlantViewModel.swift */,
				039458AF2B8E838600788C15 /* Data */,
				039458982B8E4AB800788C15 /* Assets.xcassets */,
				0394589D2B8E4AB800788C15 /* Persistence.swift */,
				039458A22B8E4AB800788C15 /* Info.plist */,
				0394589F2B8E4AB800788C15 /* PlantScanner.xcdatamodeld */,
				0394589A2B8E4AB800788C15 /* Preview Content */,
				039458C52B8F723D00788C15 /* UIImageExtension.swift */,
			);
			path = PlantScanner;
			sourceTree = "<group>";
		};
		0394589A2B8E4AB800788C15 /* Preview Content */ = {
			isa = PBXGroup;
			children = (
				0394589B2B8E4AB800788C15 /* Preview Assets.xcassets */,
			);
			path = "Preview Content";
			sourceTree = "<group>";
		};
		039458AF2B8E838600788C15 /* Data */ = {
			isa = PBXGroup;
			children = (
				039458C02B8E938800788C15 /* Router */,
				039458B82B8E84E400788C15 /* Repostory */,
				039458B32B8E83DA00788C15 /* Remote */,
				039458B02B8E838F00788C15 /* URL Session Manager */,
			);
			path = Data;
			sourceTree = "<group>";
		};
		039458B02B8E838F00788C15 /* URL Session Manager */ = {
			isa = PBXGroup;
			children = (
				039458B12B8E83B100788C15 /* URLSessionManager.swift */,
				039458BE2B8E8A1C00788C15 /* HttpConstants.swift */,
			);
			path = "URL Session Manager";
			sourceTree = "<group>";
		};
		039458B32B8E83DA00788C15 /* Remote */ = {
			isa = PBXGroup;
			children = (
				039458B42B8E83EB00788C15 /* RemoteApi.swift */,
				039458B62B8E847A00788C15 /* RemoteApiImp.swift */,
			);
			path = Remote;
			sourceTree = "<group>";
		};
		039458B82B8E84E400788C15 /* Repostory */ = {
			isa = PBXGroup;
			children = (
				039458B92B8E84F800788C15 /* PlantRepository.swift */,
				039458BC2B8E858B00788C15 /* PlantRepositoryImp.swift */,
			);
			path = Repostory;
			sourceTree = "<group>";
		};
		039458C02B8E938800788C15 /* Router */ = {
			isa = PBXGroup;
			children = (
				039458C12B8E939100788C15 /* Router.swift */,
				039458C32B8E949500788C15 /* RouterImp.swift */,
			);
			path = Router;
			sourceTree = "<group>";
		};
/* End PBXGroup section */

/* Begin PBXNativeTarget section */
		039458902B8E4AB400788C15 /* PlantScanner */ = {
			isa = PBXNativeTarget;
			buildConfigurationList = 039458A52B8E4AB800788C15 /* Build configuration list for PBXNativeTarget "PlantScanner" */;
			buildPhases = (
				0394588D2B8E4AB400788C15 /* Sources */,
				0394588E2B8E4AB400788C15 /* Frameworks */,
				0394588F2B8E4AB400788C15 /* Resources */,
			);
			buildRules = (
			);
			dependencies = (
			);
			name = PlantScanner;
			packageProductDependencies = (
			);
			productName = PlantScanner;
			productReference = 039458912B8E4AB400788C15 /* PlantScanner.app */;
			productType = "com.apple.product-type.application";
		};
/* End PBXNativeTarget section */

/* Begin PBXProject section */
		039458892B8E4AB400788C15 /* Project object */ = {
			isa = PBXProject;
			attributes = {
				BuildIndependentTargetsInParallel = 1;
				LastSwiftUpdateCheck = 1420;
				LastUpgradeCheck = 1420;
				TargetAttributes = {
					039458902B8E4AB400788C15 = {
						CreatedOnToolsVersion = 14.2;
					};
				};
			};
			buildConfigurationList = 0394588C2B8E4AB400788C15 /* Build configuration list for PBXProject "PlantScanner" */;
			compatibilityVersion = "Xcode 14.0";
			developmentRegion = en;
			hasScannedForEncodings = 0;
			knownRegions = (
				en,
				Base,
			);
			mainGroup = 039458882B8E4AB400788C15;
			packageReferences = (
			);
			productRefGroup = 039458922B8E4AB400788C15 /* Products */;
			projectDirPath = "";
			projectRoot = "";
			targets = (
				039458902B8E4AB400788C15 /* PlantScanner */,
			);
		};
/* End PBXProject section */

/* Begin PBXResourcesBuildPhase section */
		0394588F2B8E4AB400788C15 /* Resources */ = {
			isa = PBXResourcesBuildPhase;
			buildActionMask = 2147483647;
			files = (
				0394589C2B8E4AB800788C15 /* Preview Assets.xcassets in Resources */,
				039458992B8E4AB800788C15 /* Assets.xcassets in Resources */,
			);
			runOnlyForDeploymentPostprocessing = 0;
		};
/* End PBXResourcesBuildPhase section */

/* Begin PBXSourcesBuildPhase section */
		0394588D2B8E4AB400788C15 /* Sources */ = {
			isa = PBXSourcesBuildPhase;
			buildActionMask = 2147483647;
			files = (
				039458B52B8E83EB00788C15 /* RemoteApi.swift in Sources */,
				039458C42B8E949500788C15 /* RouterImp.swift in Sources */,
				039458BA2B8E84F800788C15 /* PlantRepository.swift in Sources */,
				0394589E2B8E4AB800788C15 /* Persistence.swift in Sources */,
				039458AE2B8E5F2A00788C15 /* ScanPlantViewModel.swift in Sources */,
				039458BD2B8E858B00788C15 /* PlantRepositoryImp.swift in Sources */,
				039458B22B8E83B100788C15 /* URLSessionManager.swift in Sources */,
				039458972B8E4AB400788C15 /* ContentView.swift in Sources */,
				039458C62B8F723D00788C15 /* UIImageExtension.swift in Sources */,
				039458B72B8E847A00788C15 /* RemoteApiImp.swift in Sources */,
				039458A12B8E4AB800788C15 /* PlantScanner.xcdatamodeld in Sources */,
				039458A92B8E4AE800788C15 /* CameraView.swift in Sources */,
				039458952B8E4AB400788C15 /* PlantScannerApp.swift in Sources */,
				039458BF2B8E8A1C00788C15 /* HttpConstants.swift in Sources */,
				039458C22B8E939100788C15 /* Router.swift in Sources */,
			);
			runOnlyForDeploymentPostprocessing = 0;
		};
/* End PBXSourcesBuildPhase section */

/* Begin XCBuildConfiguration section */
		039458A32B8E4AB800788C15 /* Debug */ = {
			isa = XCBuildConfiguration;
			buildSettings = {
				ALWAYS_SEARCH_USER_PATHS = NO;
				CLANG_ANALYZER_NONNULL = YES;
				CLANG_ANALYZER_NUMBER_OBJECT_CONVERSION = YES_AGGRESSIVE;
				CLANG_CXX_LANGUAGE_STANDARD = "gnu++20";
				CLANG_ENABLE_MODULES = YES;
				CLANG_ENABLE_OBJC_ARC = YES;
				CLANG_ENABLE_OBJC_WEAK = YES;
				CLANG_WARN_BLOCK_CAPTURE_AUTORELEASING = YES;
				CLANG_WARN_BOOL_CONVERSION = YES;
				CLANG_WARN_COMMA = YES;
				CLANG_WARN_CONSTANT_CONVERSION = YES;
				CLANG_WARN_DEPRECATED_OBJC_IMPLEMENTATIONS = YES;
				CLANG_WARN_DIRECT_OBJC_ISA_USAGE = YES_ERROR;
				CLANG_WARN_DOCUMENTATION_COMMENTS = YES;
				CLANG_WARN_EMPTY_BODY = YES;
				CLANG_WARN_ENUM_CONVERSION = YES;
				CLANG_WARN_INFINITE_RECURSION = YES;
				CLANG_WARN_INT_CONVERSION = YES;
				CLANG_WARN_NON_LITERAL_NULL_CONVERSION = YES;
				CLANG_WARN_OBJC_IMPLICIT_RETAIN_SELF = YES;
				CLANG_WARN_OBJC_LITERAL_CONVERSION = YES;
				CLANG_WARN_OBJC_ROOT_CLASS = YES_ERROR;
				CLANG_WARN_QUOTED_INCLUDE_IN_FRAMEWORK_HEADER = YES;
				CLANG_WARN_RANGE_LOOP_ANALYSIS = YES;
				CLANG_WARN_STRICT_PROTOTYPES = YES;
				CLANG_WARN_SUSPICIOUS_MOVE = YES;
				CLANG_WARN_UNGUARDED_AVAILABILITY = YES_AGGRESSIVE;
				CLANG_WARN_UNREACHABLE_CODE = YES;
				CLANG_WARN__DUPLICATE_METHOD_MATCH = YES;
				COPY_PHASE_STRIP = NO;
				DEBUG_INFORMATION_FORMAT = dwarf;
				ENABLE_STRICT_OBJC_MSGSEND = YES;
				ENABLE_TESTABILITY = YES;
				GCC_C_LANGUAGE_STANDARD = gnu11;
				GCC_DYNAMIC_NO_PIC = NO;
				GCC_NO_COMMON_BLOCKS = YES;
				GCC_OPTIMIZATION_LEVEL = 0;
				GCC_PREPROCESSOR_DEFINITIONS = (
					"DEBUG=1",
					"$(inherited)",
				);
				GCC_WARN_64_TO_32_BIT_CONVERSION = YES;
				GCC_WARN_ABOUT_RETURN_TYPE = YES_ERROR;
				GCC_WARN_UNDECLARED_SELECTOR = YES;
				GCC_WARN_UNINITIALIZED_AUTOS = YES_AGGRESSIVE;
				GCC_WARN_UNUSED_FUNCTION = YES;
				GCC_WARN_UNUSED_VARIABLE = YES;
				IPHONEOS_DEPLOYMENT_TARGET = 16.2;
				MTL_ENABLE_DEBUG_INFO = INCLUDE_SOURCE;
				MTL_FAST_MATH = YES;
				ONLY_ACTIVE_ARCH = YES;
				SDKROOT = iphoneos;
				SWIFT_ACTIVE_COMPILATION_CONDITIONS = DEBUG;
				SWIFT_OPTIMIZATION_LEVEL = "-Onone";
			};
			name = Debug;
		};
		039458A42B8E4AB800788C15 /* Release */ = {
			isa = XCBuildConfiguration;
			buildSettings = {
				ALWAYS_SEARCH_USER_PATHS = NO;
				CLANG_ANALYZER_NONNULL = YES;
				CLANG_ANALYZER_NUMBER_OBJECT_CONVERSION = YES_AGGRESSIVE;
				CLANG_CXX_LANGUAGE_STANDARD = "gnu++20";
				CLANG_ENABLE_MODULES = YES;
				CLANG_ENABLE_OBJC_ARC = YES;
				CLANG_ENABLE_OBJC_WEAK = YES;
				CLANG_WARN_BLOCK_CAPTURE_AUTORELEASING = YES;
				CLANG_WARN_BOOL_CONVERSION = YES;
				CLANG_WARN_COMMA = YES;
				CLANG_WARN_CONSTANT_CONVERSION = YES;
				CLANG_WARN_DEPRECATED_OBJC_IMPLEMENTATIONS = YES;
				CLANG_WARN_DIRECT_OBJC_ISA_USAGE = YES_ERROR;
				CLANG_WARN_DOCUMENTATION_COMMENTS = YES;
				CLANG_WARN_EMPTY_BODY = YES;
				CLANG_WARN_ENUM_CONVERSION = YES;
				CLANG_WARN_INFINITE_RECURSION = YES;
				CLANG_WARN_INT_CONVERSION = YES;
				CLANG_WARN_NON_LITERAL_NULL_CONVERSION = YES;
				CLANG_WARN_OBJC_IMPLICIT_RETAIN_SELF = YES;
				CLANG_WARN_OBJC_LITERAL_CONVERSION = YES;
				CLANG_WARN_OBJC_ROOT_CLASS = YES_ERROR;
				CLANG_WARN_QUOTED_INCLUDE_IN_FRAMEWORK_HEADER = YES;
				CLANG_WARN_RANGE_LOOP_ANALYSIS = YES;
				CLANG_WARN_STRICT_PROTOTYPES = YES;
				CLANG_WARN_SUSPICIOUS_MOVE = YES;
				CLANG_WARN_UNGUARDED_AVAILABILITY = YES_AGGRESSIVE;
				CLANG_WARN_UNREACHABLE_CODE = YES;
				CLANG_WARN__DUPLICATE_METHOD_MATCH = YES;
				COPY_PHASE_STRIP = NO;
				DEBUG_INFORMATION_FORMAT = "dwarf-with-dsym";
				ENABLE_NS_ASSERTIONS = NO;
				ENABLE_STRICT_OBJC_MSGSEND = YES;
				GCC_C_LANGUAGE_STANDARD = gnu11;
				GCC_NO_COMMON_BLOCKS = YES;
				GCC_WARN_64_TO_32_BIT_CONVERSION = YES;
				GCC_WARN_ABOUT_RETURN_TYPE = YES_ERROR;
				GCC_WARN_UNDECLARED_SELECTOR = YES;
				GCC_WARN_UNINITIALIZED_AUTOS = YES_AGGRESSIVE;
				GCC_WARN_UNUSED_FUNCTION = YES;
				GCC_WARN_UNUSED_VARIABLE = YES;
				IPHONEOS_DEPLOYMENT_TARGET = 16.2;
				MTL_ENABLE_DEBUG_INFO = NO;
				MTL_FAST_MATH = YES;
				SDKROOT = iphoneos;
				SWIFT_COMPILATION_MODE = wholemodule;
				SWIFT_OPTIMIZATION_LEVEL = "-O";
				VALIDATE_PRODUCT = YES;
			};
			name = Release;
		};
		039458A62B8E4AB800788C15 /* Debug */ = {
			isa = XCBuildConfiguration;
			buildSettings = {
				ASSETCATALOG_COMPILER_APPICON_NAME = AppIcon;
				ASSETCATALOG_COMPILER_GLOBAL_ACCENT_COLOR_NAME = AccentColor;
				CODE_SIGN_STYLE = Automatic;
				CURRENT_PROJECT_VERSION = 1;
				DEVELOPMENT_ASSET_PATHS = "\"PlantScanner/Preview Content\"";
				ENABLE_PREVIEWS = YES;
				GENERATE_INFOPLIST_FILE = YES;
				INFOPLIST_KEY_UIApplicationSceneManifest_Generation = YES;
				INFOPLIST_KEY_UIApplicationSupportsIndirectInputEvents = YES;
				INFOPLIST_KEY_UILaunchScreen_Generation = YES;
				INFOPLIST_KEY_UISupportedInterfaceOrientations_iPad = "UIInterfaceOrientationPortrait UIInterfaceOrientationPortraitUpsideDown UIInterfaceOrientationLandscapeLeft UIInterfaceOrientationLandscapeRight";
				INFOPLIST_KEY_UISupportedInterfaceOrientations_iPhone = "UIInterfaceOrientationPortrait UIInterfaceOrientationLandscapeLeft UIInterfaceOrientationLandscapeRight";
				LD_RUNPATH_SEARCH_PATHS = (
					"$(inherited)",
					"@executable_path/Frameworks",
				);
				MARKETING_VERSION = 1.0;
				PRODUCT_BUNDLE_IDENTIFIER = salah.PlantScanner;
				PRODUCT_NAME = "$(TARGET_NAME)";
				SWIFT_EMIT_LOC_STRINGS = YES;
				SWIFT_VERSION = 5.0;
				TARGETED_DEVICE_FAMILY = "1,2";
			};
			name = Debug;
		};
		039458A72B8E4AB800788C15 /* Release */ = {
			isa = XCBuildConfiguration;
			buildSettings = {
				ASSETCATALOG_COMPILER_APPICON_NAME = AppIcon;
				ASSETCATALOG_COMPILER_GLOBAL_ACCENT_COLOR_NAME = AccentColor;
				CODE_SIGN_STYLE = Automatic;
				CURRENT_PROJECT_VERSION = 1;
				DEVELOPMENT_ASSET_PATHS = "\"PlantScanner/Preview Content\"";
				ENABLE_PREVIEWS = YES;
				GENERATE_INFOPLIST_FILE = YES;
				INFOPLIST_KEY_UIApplicationSceneManifest_Generation = YES;
				INFOPLIST_KEY_UIApplicationSupportsIndirectInputEvents = YES;
				INFOPLIST_KEY_UILaunchScreen_Generation = YES;
				INFOPLIST_KEY_UISupportedInterfaceOrientations_iPad = "UIInterfaceOrientationPortrait UIInterfaceOrientationPortraitUpsideDown UIInterfaceOrientationLandscapeLeft UIInterfaceOrientationLandscapeRight";
				INFOPLIST_KEY_UISupportedInterfaceOrientations_iPhone = "UIInterfaceOrientationPortrait UIInterfaceOrientationLandscapeLeft UIInterfaceOrientationLandscapeRight";
				LD_RUNPATH_SEARCH_PATHS = (
					"$(inherited)",
					"@executable_path/Frameworks",
				);
				MARKETING_VERSION = 1.0;
				PRODUCT_BUNDLE_IDENTIFIER = salah.PlantScanner;
				PRODUCT_NAME = "$(TARGET_NAME)";
				SWIFT_EMIT_LOC_STRINGS = YES;
				SWIFT_VERSION = 5.0;
				TARGETED_DEVICE_FAMILY = "1,2";
			};
			name = Release;
		};
/* End XCBuildConfiguration section */

/* Begin XCConfigurationList section */
		0394588C2B8E4AB400788C15 /* Build configuration list for PBXProject "PlantScanner" */ = {
			isa = XCConfigurationList;
			buildConfigurations = (
				039458A32B8E4AB800788C15 /* Debug */,
				039458A42B8E4AB800788C15 /* Release */,
			);
			defaultConfigurationIsVisible = 0;
			defaultConfigurationName = Release;
		};
		039458A52B8E4AB800788C15 /* Build configuration list for PBXNativeTarget "PlantScanner" */ = {
			isa = XCConfigurationList;
			buildConfigurations = (
				039458A62B8E4AB800788C15 /* Debug */,
				039458A72B8E4AB800788C15 /* Release */,
			);
			defaultConfigurationIsVisible = 0;
			defaultConfigurationName = Release;
		};
/* End XCConfigurationList section */

/* Begin XCVersionGroup section */
		0394589F2B8E4AB800788C15 /* PlantScanner.xcdatamodeld */ = {
			isa = XCVersionGroup;
			children = (
				039458A02B8E4AB800788C15 /* PlantScanner.xcdatamodel */,
			);
			currentVersion = 039458A02B8E4AB800788C15 /* PlantScanner.xcdatamodel */;
			path = PlantScanner.xcdatamodeld;
			sourceTree = "<group>";
			versionGroupType = wrapper.xcdatamodel;
		};
/* End XCVersionGroup section */
	};
	rootObject = 039458892B8E4AB400788C15 /* Project object */;
}
